
Microsoft Visual Studio Solution File, Format Version 12.00
# Visual Studio Version 16
VisualStudioVersion = 16.0.31402.337
MinimumVisualStudioVersion = 10.0.40219.1
Project("{FAE04EC0-301F-11D3-BF4B-00C04F79EFBC}") = "Community_v1", "Community_v1\Community_v1.csproj", "{AC45FB59-298F-4C24-B518-EF0CEDF511BD}"
EndProject
Global
	GlobalSection(SolutionConfigurationPlatforms) = preSolution
		Debug|Any CPU = Debug|Any CPU
		Release|Any CPU = Release|Any CPU
	EndGlobalSection
	GlobalSection(ProjectConfigurationPlatforms) = postSolution
		{AC45FB59-298F-4C24-B518-EF0CEDF511BD}.Debug|Any CPU.ActiveCfg = Debug|Any CPU
		{AC45FB59-298F-4C24-B518-EF0CEDF511BD}.Debug|Any CPU.Build.0 = Debug|Any CPU
		{AC45FB59-298F-4C24-B518-EF0CEDF511BD}.Release|Any CPU.ActiveCfg = Release|Any CPU
		{AC45FB59-298F-4C24-B518-EF0CEDF511BD}.Release|Any CPU.Build.0 = Release|Any CPU
	EndGlobalSection
	GlobalSection(SolutionProperties) = preSolution
		HideSolutionNode = FALSE
	EndGlobalSection
	GlobalSection(ExtensibilityGlobals) = postSolution
		SolutionGuid = {39234A8B-C6A2-44BC-BF93-A0DEEF77E181}
	EndGlobalSection
EndGlobal
